// !$*UTF8*$!
{
	archiveVersion = 1;
	classes = {
	};
	objectVersion = 70;
	objects = {

/* Begin PBXContainerItemProxy section */
		94323FBC2CED0BE900324797 /* PBXContainerItemProxy */ = {
			isa = PBXContainerItemProxy;
			containerPortal = 94323FA32CED0BE800324797 /* Project object */;
			proxyType = 1;
			remoteGlobalIDString = 94323FAA2CED0BE800324797;
			remoteInfo = 100DaysSwiftui;
		};
		94323FC62CED0BE900324797 /* PBXContainerItemProxy */ = {
			isa = PBXContainerItemProxy;
			containerPortal = 94323FA32CED0BE800324797 /* Project object */;
			proxyType = 1;
			remoteGlobalIDString = 94323FAA2CED0BE800324797;
			remoteInfo = 100DaysSwiftui;
		};
/* End PBXContainerItemProxy section */

/* Begin PBXFileReference section */
		94323FAB2CED0BE800324797 /* 100DaysSwiftui.app */ = {isa = PBXFileReference; explicitFileType = wrapper.application; includeInIndex = 0; path = 100DaysSwiftui.app; sourceTree = BUILT_PRODUCTS_DIR; };
		94323FBB2CED0BE900324797 /* 100DaysSwiftuiTests.xctest */ = {isa = PBXFileReference; explicitFileType = wrapper.cfbundle; includeInIndex = 0; path = 100DaysSwiftuiTests.xctest; sourceTree = BUILT_PRODUCTS_DIR; };
		94323FC52CED0BE900324797 /* 100DaysSwiftuiUITests.xctest */ = {isa = PBXFileReference; explicitFileType = wrapper.cfbundle; includeInIndex = 0; path = 100DaysSwiftuiUITests.xctest; sourceTree = BUILT_PRODUCTS_DIR; };
/* End PBXFileReference section */

/* Begin PBXFileSystemSynchronizedRootGroup section */
		94323FAD2CED0BE800324797 /* 100DaysSwiftui */ = {isa = PBXFileSystemSynchronizedRootGroup; explicitFileTypes = {}; explicitFolders = (); path = 100DaysSwiftui; sourceTree = "<group>"; };
		94323FBE2CED0BE900324797 /* 100DaysSwiftuiTests */ = {isa = PBXFileSystemSynchronizedRootGroup; explicitFileTypes = {}; explicitFolders = (); path = 100DaysSwiftuiTests; sourceTree = "<group>"; };
		94323FC82CED0BE900324797 /* 100DaysSwiftuiUITests */ = {isa = PBXFileSystemSynchronizedRootGroup; explicitFileTypes = {}; explicitFolders = (); path = 100DaysSwiftuiUITests; sourceTree = "<group>"; };
/* End PBXFileSystemSynchronizedRootGroup section */

/* Begin PBXFrameworksBuildPhase section */
		94323FA82CED0BE800324797 /* Frameworks */ = {
			isa = PBXFrameworksBuildPhase;
			buildActionMask = 2147483647;
			files = (
			);
			runOnlyForDeploymentPostprocessing = 0;
		};
		94323FB82CED0BE900324797 /* Frameworks */ = {
			isa = PBXFrameworksBuildPhase;
			buildActionMask = 2147483647;
			files = (
			);
			runOnlyForDeploymentPostprocessing = 0;
		};
		94323FC22CED0BE900324797 /* Frameworks */ = {
			isa = PBXFrameworksBuildPhase;
			buildActionMask = 2147483647;
			files = (
			);
			runOnlyForDeploymentPostprocessing = 0;
		};
/* End PBXFrameworksBuildPhase section */

/* Begin PBXGroup section */
		94323FA22CED0BE800324797 = {
			isa = PBXGroup;
			children = (
				94323FAD2CED0BE800324797 /* 100DaysSwiftui */,
				94323FBE2CED0BE900324797 /* 100DaysSwiftuiTests */,
				94323FC82CED0BE900324797 /* 100DaysSwiftuiUITests */,
				94323FAC2CED0BE800324797 /* Products */,
			);
			sourceTree = "<group>";
		};
		94323FAC2CED0BE800324797 /* Products */ = {
			isa = PBXGroup;
			children = (
				94323FAB2CED0BE800324797 /* 100DaysSwiftui.app */,
				94323FBB2CED0BE900324797 /* 100DaysSwiftuiTests.xctest */,
				94323FC52CED0BE900324797 /* 100DaysSwiftuiUITests.xctest */,
			);
			name = Products;
			sourceTree = "<group>";
		};
/* End PBXGroup section */

/* Begin PBXNativeTarget section */
		94323FAA2CED0BE800324797 /* 100DaysSwiftui */ = {
			isa = PBXNativeTarget;
			buildConfigurationList = 94323FCF2CED0BE900324797 /* Build configuration list for PBXNativeTarget "100DaysSwiftui" */;
			buildPhases = (
				94323FA72CED0BE800324797 /* Sources */,
				94323FA82CED0BE800324797 /* Frameworks */,
				94323FA92CED0BE800324797 /* Resources */,
			);
			buildRules = (
			);
			dependencies = (
			);
			fileSystemSynchronizedGroups = (
				94323FAD2CED0BE800324797 /* 100DaysSwiftui */,
			);
			name = 100DaysSwiftui;
			packageProductDependencies = (
			);
			productName = 100DaysSwiftui;
			productReference = 94323FAB2CED0BE800324797 /* 100DaysSwiftui.app */;
			productType = "com.apple.product-type.application";
		};
		94323FBA2CED0BE900324797 /* 100DaysSwiftuiTests */ = {
			isa = PBXNativeTarget;
			buildConfigurationList = 94323FD22CED0BE900324797 /* Build configuration list for PBXNativeTarget "100DaysSwiftuiTests" */;
			buildPhases = (
				94323FB72CED0BE900324797 /* Sources */,
				94323FB82CED0BE900324797 /* Frameworks */,
				94323FB92CED0BE900324797 /* Resources */,
			);
			buildRules = (
			);
			dependencies = (
				94323FBD2CED0BE900324797 /* PBXTargetDependency */,
			);
			fileSystemSynchronizedGroups = (
				94323FBE2CED0BE900324797 /* 100DaysSwiftuiTests */,
			);
			name = 100DaysSwiftuiTests;
			packageProductDependencies = (
			);
			productName = 100DaysSwiftuiTests;
			productReference = 94323FBB2CED0BE900324797 /* 100DaysSwiftuiTests.xctest */;
			productType = "com.apple.product-type.bundle.unit-test";
		};
		94323FC42CED0BE900324797 /* 100DaysSwiftuiUITests */ = {
			isa = PBXNativeTarget;
			buildConfigurationList = 94323FD52CED0BE900324797 /* Build configuration list for PBXNativeTarget "100DaysSwiftuiUITests" */;
			buildPhases = (
				94323FC12CED0BE900324797 /* Sources */,
				94323FC22CED0BE900324797 /* Frameworks */,
				94323FC32CED0BE900324797 /* Resources */,
			);
			buildRules = (
			);
			dependencies = (
				94323FC72CED0BE900324797 /* PBXTargetDependency */,
			);
			fileSystemSynchronizedGroups = (
				94323FC82CED0BE900324797 /* 100DaysSwiftuiUITests */,
			);
			name = 100DaysSwiftuiUITests;
			packageProductDependencies = (
			);
			productName = 100DaysSwiftuiUITests;
			productReference = 94323FC52CED0BE900324797 /* 100DaysSwiftuiUITests.xctest */;
			productType = "com.apple.product-type.bundle.ui-testing";
		};
/* End PBXNativeTarget section */

/* Begin PBXProject section */
		94323FA32CED0BE800324797 /* Project object */ = {
			isa = PBXProject;
			attributes = {
				BuildIndependentTargetsInParallel = 1;
				LastSwiftUpdateCheck = 1600;
				LastUpgradeCheck = 1600;
				TargetAttributes = {
					94323FAA2CED0BE800324797 = {
						CreatedOnToolsVersion = 16.0;
					};
					94323FBA2CED0BE900324797 = {
						CreatedOnToolsVersion = 16.0;
						TestTargetID = 94323FAA2CED0BE800324797;
					};
					94323FC42CED0BE900324797 = {
						CreatedOnToolsVersion = 16.0;
						TestTargetID = 94323FAA2CED0BE800324797;
					};
				};
			};
			buildConfigurationList = 94323FA62CED0BE800324797 /* Build configuration list for PBXProject "100DaysSwiftui" */;
			compatibilityVersion = "Xcode 15.0";
			developmentRegion = en;
			hasScannedForEncodings = 0;
			knownRegions = (
				en,
				Base,
			);
			mainGroup = 94323FA22CED0BE800324797;
			productRefGroup = 94323FAC2CED0BE800324797 /* Products */;
			projectDirPath = "";
			projectRoot = "";
			targets = (
				94323FAA2CED0BE800324797 /* 100DaysSwiftui */,
				94323FBA2CED0BE900324797 /* 100DaysSwiftuiTests */,
				94323FC42CED0BE900324797 /* 100DaysSwiftuiUITests */,
			);
		};
/* End PBXProject section */

/* Begin PBXResourcesBuildPhase section */
		94323FA92CED0BE800324797 /* Resources */ = {
			isa = PBXResourcesBuildPhase;
			buildActionMask = 2147483647;
			files = (
			);
			runOnlyForDeploymentPostprocessing = 0;
		};
		94323FB92CED0BE900324797 /* Resources */ = {
			isa = PBXResourcesBuildPhase;
			buildActionMask = 2147483647;
			files = (
			);
			runOnlyForDeploymentPostprocessing = 0;
		};
		94323FC32CED0BE900324797 /* Resources */ = {
			isa = PBXResourcesBuildPhase;
			buildActionMask = 2147483647;
			files = (
			);
			runOnlyForDeploymentPostprocessing = 0;
		};
/* End PBXResourcesBuildPhase section */

/* Begin PBXSourcesBuildPhase section */
		94323FA72CED0BE800324797 /* Sources */ = {
			isa = PBXSourcesBuildPhase;
			buildActionMask = 2147483647;
			files = (
			);
			runOnlyForDeploymentPostprocessing = 0;
		};
		94323FB72CED0BE900324797 /* Sources */ = {
			isa = PBXSourcesBuildPhase;
			buildActionMask = 2147483647;
			files = (
			);
			runOnlyForDeploymentPostprocessing = 0;
		};
		94323FC12CED0BE900324797 /* Sources */ = {
			isa = PBXSourcesBuildPhase;
			buildActionMask = 2147483647;
			files = (
			);
			runOnlyForDeploymentPostprocessing = 0;
		};
/* End PBXSourcesBuildPhase section */

/* Begin PBXTargetDependency section */
		94323FBD2CED0BE900324797 /* PBXTargetDependency */ = {
			isa = PBXTargetDependency;
			target = 94323FAA2CED0BE800324797 /* 100DaysSwiftui */;
			targetProxy = 94323FBC2CED0BE900324797 /* PBXContainerItemProxy */;
		};
		94323FC72CED0BE900324797 /* PBXTargetDependency */ = {
			isa = PBXTargetDependency;
			target = 94323FAA2CED0BE800324797 /* 100DaysSwiftui */;
			targetProxy = 94323FC62CED0BE900324797 /* PBXContainerItemProxy */;
		};
/* End PBXTargetDependency section */

/* Begin XCBuildConfiguration section */
		94323FCD2CED0BE900324797 /* Debug */ = {
			isa = XCBuildConfiguration;
			buildSettings = {
				ALWAYS_SEARCH_USER_PATHS = NO;
				ASSETCATALOG_COMPILER_GENERATE_SWIFT_ASSET_SYMBOL_EXTENSIONS = YES;
				CLANG_ANALYZER_NONNULL = YES;
				CLANG_ANALYZER_NUMBER_OBJECT_CONVERSION = YES_AGGRESSIVE;
				CLANG_CXX_LANGUAGE_STANDARD = "gnu++20";
				CLANG_ENABLE_MODULES = YES;
				CLANG_ENABLE_OBJC_ARC = YES;
				CLANG_ENABLE_OBJC_WEAK = YES;
				CLANG_WARN_BLOCK_CAPTURE_AUTORELEASING = YES;
				CLANG_WARN_BOOL_CONVERSION = YES;
				CLANG_WARN_COMMA = YES;
				CLANG_WARN_CONSTANT_CONVERSION = YES;
				CLANG_WARN_DEPRECATED_OBJC_IMPLEMENTATIONS = YES;
				CLANG_WARN_DIRECT_OBJC_ISA_USAGE = YES_ERROR;
				CLANG_WARN_DOCUMENTATION_COMMENTS = YES;
				CLANG_WARN_EMPTY_BODY = YES;
				CLANG_WARN_ENUM_CONVERSION = YES;
				CLANG_WARN_INFINITE_RECURSION = YES;
				CLANG_WARN_INT_CONVERSION = YES;
				CLANG_WARN_NON_LITERAL_NULL_CONVERSION = YES;
				CLANG_WARN_OBJC_IMPLICIT_RETAIN_SELF = YES;
				CLANG_WARN_OBJC_LITERAL_CONVERSION = YES;
				CLANG_WARN_OBJC_ROOT_CLASS = YES_ERROR;
				CLANG_WARN_QUOTED_INCLUDE_IN_FRAMEWORK_HEADER = YES;
				CLANG_WARN_RANGE_LOOP_ANALYSIS = YES;
				CLANG_WARN_STRICT_PROTOTYPES = YES;
				CLANG_WARN_SUSPICIOUS_MOVE = YES;
				CLANG_WARN_UNGUARDED_AVAILABILITY = YES_AGGRESSIVE;
				CLANG_WARN_UNREACHABLE_CODE = YES;
				CLANG_WARN__DUPLICATE_METHOD_MATCH = YES;
				COPY_PHASE_STRIP = NO;
				DEBUG_INFORMATION_FORMAT = dwarf;
				ENABLE_STRICT_OBJC_MSGSEND = YES;
				ENABLE_TESTABILITY = YES;
				ENABLE_USER_SCRIPT_SANDBOXING = YES;
				GCC_C_LANGUAGE_STANDARD = gnu17;
				GCC_DYNAMIC_NO_PIC = NO;
				GCC_NO_COMMON_BLOCKS = YES;
				GCC_OPTIMIZATION_LEVEL = 0;
				GCC_PREPROCESSOR_DEFINITIONS = (
					"DEBUG=1",
					"$(inherited)",
				);
				GCC_WARN_64_TO_32_BIT_CONVERSION = YES;
				GCC_WARN_ABOUT_RETURN_TYPE = YES_ERROR;
				GCC_WARN_UNDECLARED_SELECTOR = YES;
				GCC_WARN_UNINITIALIZED_AUTOS = YES_AGGRESSIVE;
				GCC_WARN_UNUSED_FUNCTION = YES;
				GCC_WARN_UNUSED_VARIABLE = YES;
				IPHONEOS_DEPLOYMENT_TARGET = 18.0;
				LOCALIZATION_PREFERS_STRING_CATALOGS = YES;
				MTL_ENABLE_DEBUG_INFO = INCLUDE_SOURCE;
				MTL_FAST_MATH = YES;
				ONLY_ACTIVE_ARCH = YES;
				SDKROOT = iphoneos;
				SWIFT_ACTIVE_COMPILATION_CONDITIONS = "DEBUG $(inherited)";
				SWIFT_OPTIMIZATION_LEVEL = "-Onone";
			};
			name = Debug;
		};
		94323FCE2CED0BE900324797 /* Release */ = {
			isa = XCBuildConfiguration;
			buildSettings = {
				ALWAYS_SEARCH_USER_PATHS = NO;
				ASSETCATALOG_COMPILER_GENERATE_SWIFT_ASSET_SYMBOL_EXTENSIONS = YES;
				CLANG_ANALYZER_NONNULL = YES;
				CLANG_ANALYZER_NUMBER_OBJECT_CONVERSION = YES_AGGRESSIVE;
				CLANG_CXX_LANGUAGE_STANDARD = "gnu++20";
				CLANG_ENABLE_MODULES = YES;
				CLANG_ENABLE_OBJC_ARC = YES;
				CLANG_ENABLE_OBJC_WEAK = YES;
				CLANG_WARN_BLOCK_CAPTURE_AUTORELEASING = YES;
				CLANG_WARN_BOOL_CONVERSION = YES;
				CLANG_WARN_COMMA = YES;
				CLANG_WARN_CONSTANT_CONVERSION = YES;
				CLANG_WARN_DEPRECATED_OBJC_IMPLEMENTATIONS = YES;
				CLANG_WARN_DIRECT_OBJC_ISA_USAGE = YES_ERROR;
				CLANG_WARN_DOCUMENTATION_COMMENTS = YES;
				CLANG_WARN_EMPTY_BODY = YES;
				CLANG_WARN_ENUM_CONVERSION = YES;
				CLANG_WARN_INFINITE_RECURSION = YES;
				CLANG_WARN_INT_CONVERSION = YES;
				CLANG_WARN_NON_LITERAL_NULL_CONVERSION = YES;
				CLANG_WARN_OBJC_IMPLICIT_RETAIN_SELF = YES;
				CLANG_WARN_OBJC_LITERAL_CONVERSION = YES;
				CLANG_WARN_OBJC_ROOT_CLASS = YES_ERROR;
				CLANG_WARN_QUOTED_INCLUDE_IN_FRAMEWORK_HEADER = YES;
				CLANG_WARN_RANGE_LOOP_ANALYSIS = YES;
				CLANG_WARN_STRICT_PROTOTYPES = YES;
				CLANG_WARN_SUSPICIOUS_MOVE = YES;
				CLANG_WARN_UNGUARDED_AVAILABILITY = YES_AGGRESSIVE;
				CLANG_WARN_UNREACHABLE_CODE = YES;
				CLANG_WARN__DUPLICATE_METHOD_MATCH = YES;
				COPY_PHASE_STRIP = NO;
				DEBUG_INFORMATION_FORMAT = "dwarf-with-dsym";
				ENABLE_NS_ASSERTIONS = NO;
				ENABLE_STRICT_OBJC_MSGSEND = YES;
				ENABLE_USER_SCRIPT_SANDBOXING = YES;
				GCC_C_LANGUAGE_STANDARD = gnu17;
				GCC_NO_COMMON_BLOCKS = YES;
				GCC_WARN_64_TO_32_BIT_CONVERSION = YES;
				GCC_WARN_ABOUT_RETURN_TYPE = YES_ERROR;
				GCC_WARN_UNDECLARED_SELECTOR = YES;
				GCC_WARN_UNINITIALIZED_AUTOS = YES_AGGRESSIVE;
				GCC_WARN_UNUSED_FUNCTION = YES;
				GCC_WARN_UNUSED_VARIABLE = YES;
				IPHONEOS_DEPLOYMENT_TARGET = 18.0;
				LOCALIZATION_PREFERS_STRING_CATALOGS = YES;
				MTL_ENABLE_DEBUG_INFO = NO;
				MTL_FAST_MATH = YES;
				SDKROOT = iphoneos;
				SWIFT_COMPILATION_MODE = wholemodule;
				VALIDATE_PRODUCT = YES;
			};
			name = Release;
		};
		94323FD02CED0BE900324797 /* Debug */ = {
			isa = XCBuildConfiguration;
			buildSettings = {
				ASSETCATALOG_COMPILER_APPICON_NAME = AppIcon;
				ASSETCATALOG_COMPILER_GLOBAL_ACCENT_COLOR_NAME = AccentColor;
				CODE_SIGN_STYLE = Automatic;
				CURRENT_PROJECT_VERSION = 1;
				DEVELOPMENT_ASSET_PATHS = "\"100DaysSwiftui/Preview Content\"";
				DEVELOPMENT_TEAM = 4235QPLDAD;
				ENABLE_PREVIEWS = YES;
				GENERATE_INFOPLIST_FILE = YES;
				INFOPLIST_KEY_UIApplicationSceneManifest_Generation = YES;
				INFOPLIST_KEY_UIApplicationSupportsIndirectInputEvents = YES;
				INFOPLIST_KEY_UILaunchScreen_Generation = YES;
				INFOPLIST_KEY_UISupportedInterfaceOrientations_iPad = "UIInterfaceOrientationPortrait UIInterfaceOrientationPortraitUpsideDown UIInterfaceOrientationLandscapeLeft UIInterfaceOrientationLandscapeRight";
				INFOPLIST_KEY_UISupportedInterfaceOrientations_iPhone = "UIInterfaceOrientationPortrait UIInterfaceOrientationLandscapeLeft UIInterfaceOrientationLandscapeRight";
				LD_RUNPATH_SEARCH_PATHS = (
					"$(inherited)",
					"@executable_path/Frameworks",
				);
				MARKETING_VERSION = 1.0;
				PRODUCT_BUNDLE_IDENTIFIER = "co.mostros.-00DaysSwiftui";
				PRODUCT_NAME = "$(TARGET_NAME)";
				SWIFT_EMIT_LOC_STRINGS = YES;
				SWIFT_VERSION = 5.0;
				TARGETED_DEVICE_FAMILY = "1,2";
			};
			name = Debug;
		};
		94323FD12CED0BE900324797 /* Release */ = {
			isa = XCBuildConfiguration;
			buildSettings = {
				ASSETCATALOG_COMPILER_APPICON_NAME = AppIcon;
				ASSETCATALOG_COMPILER_GLOBAL_ACCENT_COLOR_NAME = AccentColor;
				CODE_SIGN_STYLE = Automatic;
				CURRENT_PROJECT_VERSION = 1;
				DEVELOPMENT_ASSET_PATHS = "\"100DaysSwiftui/Preview Content\"";
				DEVELOPMENT_TEAM = 4235QPLDAD;
				ENABLE_PREVIEWS = YES;
				GENERATE_INFOPLIST_FILE = YES;
				INFOPLIST_KEY_UIApplicationSceneManifest_Generation = YES;
				INFOPLIST_KEY_UIApplicationSupportsIndirectInputEvents = YES;
				INFOPLIST_KEY_UILaunchScreen_Generation = YES;
				INFOPLIST_KEY_UISupportedInterfaceOrientations_iPad = "UIInterfaceOrientationPortrait UIInterfaceOrientationPortraitUpsideDown UIInterfaceOrientationLandscapeLeft UIInterfaceOrientationLandscapeRight";
				INFOPLIST_KEY_UISupportedInterfaceOrientations_iPhone = "UIInterfaceOrientationPortrait UIInterfaceOrientationLandscapeLeft UIInterfaceOrientationLandscapeRight";
				LD_RUNPATH_SEARCH_PATHS = (
					"$(inherited)",
					"@executable_path/Frameworks",
				);
				MARKETING_VERSION = 1.0;
				PRODUCT_BUNDLE_IDENTIFIER = "co.mostros.-00DaysSwiftui";
				PRODUCT_NAME = "$(TARGET_NAME)";
				SWIFT_EMIT_LOC_STRINGS = YES;
				SWIFT_VERSION = 5.0;
				TARGETED_DEVICE_FAMILY = "1,2";
			};
			name = Release;
		};
		94323FD32CED0BE900324797 /* Debug */ = {
			isa = XCBuildConfiguration;
			buildSettings = {
				BUNDLE_LOADER = "$(TEST_HOST)";
				CODE_SIGN_STYLE = Automatic;
				CURRENT_PROJECT_VERSION = 1;
				DEVELOPMENT_TEAM = 4235QPLDAD;
				GENERATE_INFOPLIST_FILE = YES;
				IPHONEOS_DEPLOYMENT_TARGET = 18.0;
				MARKETING_VERSION = 1.0;
				PRODUCT_BUNDLE_IDENTIFIER = "co.mostros.-00DaysSwiftuiTests";
				PRODUCT_NAME = "$(TARGET_NAME)";
				SWIFT_EMIT_LOC_STRINGS = NO;
				SWIFT_VERSION = 5.0;
				TARGETED_DEVICE_FAMILY = "1,2";
				TEST_HOST = "$(BUILT_PRODUCTS_DIR)/100DaysSwiftui.app/$(BUNDLE_EXECUTABLE_FOLDER_PATH)/100DaysSwiftui";
			};
			name = Debug;
		};
		94323FD42CED0BE900324797 /* Release */ = {
			isa = XCBuildConfiguration;
			buildSettings = {
				BUNDLE_LOADER = "$(TEST_HOST)";
				CODE_SIGN_STYLE = Automatic;
				CURRENT_PROJECT_VERSION = 1;
				DEVELOPMENT_TEAM = 4235QPLDAD;
				GENERATE_INFOPLIST_FILE = YES;
				IPHONEOS_DEPLOYMENT_TARGET = 18.0;
				MARKETING_VERSION = 1.0;
				PRODUCT_BUNDLE_IDENTIFIER = "co.mostros.-00DaysSwiftuiTests";
				PRODUCT_NAME = "$(TARGET_NAME)";
				SWIFT_EMIT_LOC_STRINGS = NO;
				SWIFT_VERSION = 5.0;
				TARGETED_DEVICE_FAMILY = "1,2";
				TEST_HOST = "$(BUILT_PRODUCTS_DIR)/100DaysSwiftui.app/$(BUNDLE_EXECUTABLE_FOLDER_PATH)/100DaysSwiftui";
			};
			name = Release;
		};
		94323FD62CED0BE900324797 /* Debug */ = {
			isa = XCBuildConfiguration;
			buildSettings = {
				CODE_SIGN_STYLE = Automatic;
				CURRENT_PROJECT_VERSION = 1;
				DEVELOPMENT_TEAM = 4235QPLDAD;
				GENERATE_INFOPLIST_FILE = YES;
				MARKETING_VERSION = 1.0;
				PRODUCT_BUNDLE_IDENTIFIER = "co.mostros.-00DaysSwiftuiUITests";
				PRODUCT_NAME = "$(TARGET_NAME)";
				SWIFT_EMIT_LOC_STRINGS = NO;
				SWIFT_VERSION = 5.0;
				TARGETED_DEVICE_FAMILY = "1,2";
				TEST_TARGET_NAME = 100DaysSwiftui;
			};
			name = Debug;
		};
		94323FD72CED0BE900324797 /* Release */ = {
			isa = XCBuildConfiguration;
			buildSettings = {
				CODE_SIGN_STYLE = Automatic;
				CURRENT_PROJECT_VERSION = 1;
				DEVELOPMENT_TEAM = 4235QPLDAD;
				GENERATE_INFOPLIST_FILE = YES;
				MARKETING_VERSION = 1.0;
				PRODUCT_BUNDLE_IDENTIFIER = "co.mostros.-00DaysSwiftuiUITests";
				PRODUCT_NAME = "$(TARGET_NAME)";
				SWIFT_EMIT_LOC_STRINGS = NO;
				SWIFT_VERSION = 5.0;
				TARGETED_DEVICE_FAMILY = "1,2";
				TEST_TARGET_NAME = 100DaysSwiftui;
			};
			name = Release;
		};
/* End XCBuildConfiguration section */

/* Begin XCConfigurationList section */
		94323FA62CED0BE800324797 /* Build configuration list for PBXProject "100DaysSwiftui" */ = {
			isa = XCConfigurationList;
			buildConfigurations = (
				94323FCD2CED0BE900324797 /* Debug */,
				94323FCE2CED0BE900324797 /* Release */,
			);
			defaultConfigurationIsVisible = 0;
			defaultConfigurationName = Release;
		};
		94323FCF2CED0BE900324797 /* Build configuration list for PBXNativeTarget "100DaysSwiftui" */ = {
			isa = XCConfigurationList;
			buildConfigurations = (
				94323FD02CED0BE900324797 /* Debug */,
				94323FD12CED0BE900324797 /* Release */,
			);
			defaultConfigurationIsVisible = 0;
			defaultConfigurationName = Release;
		};
		94323FD22CED0BE900324797 /* Build configuration list for PBXNativeTarget "100DaysSwiftuiTests" */ = {
			isa = XCConfigurationList;
			buildConfigurations = (
				94323FD32CED0BE900324797 /* Debug */,
				94323FD42CED0BE900324797 /* Release */,
			);
			defaultConfigurationIsVisible = 0;
			defaultConfigurationName = Release;
		};
		94323FD52CED0BE900324797 /* Build configuration list for PBXNativeTarget "100DaysSwiftuiUITests" */ = {
			isa = XCConfigurationList;
			buildConfigurations = (
				94323FD62CED0BE900324797 /* Debug */,
				94323FD72CED0BE900324797 /* Release */,
			);
			defaultConfigurationIsVisible = 0;
			defaultConfigurationName = Release;
		};
/* End XCConfigurationList section */
	};
	rootObject = 94323FA32CED0BE800324797 /* Project object */;
}
